// !$*UTF8*$!
{
	archiveVersion = 1;
	classes = {
	};
	objectVersion = 56;
	objects = {

/* Begin PBXBuildFile section */
		C6045E172A131D6E0033480C /* ComposableArchitecture in Frameworks */ = {isa = PBXBuildFile; productRef = C6045E162A131D6E0033480C /* ComposableArchitecture */; };
		C6045E1B2A1375820033480C /* drink.swift in Sources */ = {isa = PBXBuildFile; fileRef = C6045E1A2A1375820033480C /* drink.swift */; };
		C6045E1E2A137C650033480C /* drinkDataBase.swift in Sources */ = {isa = PBXBuildFile; fileRef = C6045E1D2A137C650033480C /* drinkDataBase.swift */; };
		C6045E212A13A84E0033480C /* svgImage.swift in Sources */ = {isa = PBXBuildFile; fileRef = C6045E202A13A84E0033480C /* svgImage.swift */; };
		C6045E232A13C0510033480C /* Layout.swift in Sources */ = {isa = PBXBuildFile; fileRef = C6045E222A13C0510033480C /* Layout.swift */; };
		C6045E252A13C4B90033480C /* Root.swift in Sources */ = {isa = PBXBuildFile; fileRef = C6045E242A13C4B90033480C /* Root.swift */; };
		C67878B92A15D49D00F94692 /* SideScroll.swift in Sources */ = {isa = PBXBuildFile; fileRef = C67878B82A15D49D00F94692 /* SideScroll.swift */; };
		F55E95B82A128EA800B4F7CA /* Caffe_ManaApp.swift in Sources */ = {isa = PBXBuildFile; fileRef = F55E95B72A128EA800B4F7CA /* Caffe_ManaApp.swift */; };
		F55E95BA2A128EA800B4F7CA /* ContentView.swift in Sources */ = {isa = PBXBuildFile; fileRef = F55E95B92A128EA800B4F7CA /* ContentView.swift */; };
		F55E95BC2A128EA900B4F7CA /* Assets.xcassets in Resources */ = {isa = PBXBuildFile; fileRef = F55E95BB2A128EA900B4F7CA /* Assets.xcassets */; };
		F55E95BF2A128EA900B4F7CA /* Preview Assets.xcassets in Resources */ = {isa = PBXBuildFile; fileRef = F55E95BE2A128EA900B4F7CA /* Preview Assets.xcassets */; };
		F55E95C92A128EA900B4F7CA /* Caffe_ManaTests.swift in Sources */ = {isa = PBXBuildFile; fileRef = F55E95C82A128EA900B4F7CA /* Caffe_ManaTests.swift */; };
		F55E95D32A128EA900B4F7CA /* Caffe_ManaUITests.swift in Sources */ = {isa = PBXBuildFile; fileRef = F55E95D22A128EA900B4F7CA /* Caffe_ManaUITests.swift */; };
		F55E95D52A128EA900B4F7CA /* Caffe_ManaUITestsLaunchTests.swift in Sources */ = {isa = PBXBuildFile; fileRef = F55E95D42A128EA900B4F7CA /* Caffe_ManaUITestsLaunchTests.swift */; };
		F5D3AC7D2A14786900A47457 /* Loading.swift in Sources */ = {isa = PBXBuildFile; fileRef = F5D3AC7C2A14786900A47457 /* Loading.swift */; };
		F5D3AC842A15E9D800A47457 /* Realm in Frameworks */ = {isa = PBXBuildFile; productRef = F5D3AC832A15E9D800A47457 /* Realm */; };
		F5D3AC862A15E9D800A47457 /* RealmSwift in Frameworks */ = {isa = PBXBuildFile; productRef = F5D3AC852A15E9D800A47457 /* RealmSwift */; };
/* End PBXBuildFile section */

/* Begin PBXContainerItemProxy section */
		F55E95C52A128EA900B4F7CA /* PBXContainerItemProxy */ = {
			isa = PBXContainerItemProxy;
			containerPortal = F55E95AC2A128EA700B4F7CA /* Project object */;
			proxyType = 1;
			remoteGlobalIDString = F55E95B32A128EA800B4F7CA;
			remoteInfo = "Caffe-Mana";
		};
		F55E95CF2A128EA900B4F7CA /* PBXContainerItemProxy */ = {
			isa = PBXContainerItemProxy;
			containerPortal = F55E95AC2A128EA700B4F7CA /* Project object */;
			proxyType = 1;
			remoteGlobalIDString = F55E95B32A128EA800B4F7CA;
			remoteInfo = "Caffe-Mana";
		};
/* End PBXContainerItemProxy section */

/* Begin PBXFileReference section */
		C6045E1A2A1375820033480C /* drink.swift */ = {isa = PBXFileReference; lastKnownFileType = sourcecode.swift; path = drink.swift; sourceTree = "<group>"; };
		C6045E1D2A137C650033480C /* drinkDataBase.swift */ = {isa = PBXFileReference; lastKnownFileType = sourcecode.swift; path = drinkDataBase.swift; sourceTree = "<group>"; };
		C6045E202A13A84E0033480C /* svgImage.swift */ = {isa = PBXFileReference; lastKnownFileType = sourcecode.swift; path = svgImage.swift; sourceTree = "<group>"; };
		C6045E222A13C0510033480C /* Layout.swift */ = {isa = PBXFileReference; lastKnownFileType = sourcecode.swift; path = Layout.swift; sourceTree = "<group>"; };
		C6045E242A13C4B90033480C /* Root.swift */ = {isa = PBXFileReference; lastKnownFileType = sourcecode.swift; path = Root.swift; sourceTree = "<group>"; };
		C67878B82A15D49D00F94692 /* SideScroll.swift */ = {isa = PBXFileReference; lastKnownFileType = sourcecode.swift; path = SideScroll.swift; sourceTree = "<group>"; };
		F55E95B42A128EA800B4F7CA /* Caffe-Mana.app */ = {isa = PBXFileReference; explicitFileType = wrapper.application; includeInIndex = 0; path = "Caffe-Mana.app"; sourceTree = BUILT_PRODUCTS_DIR; };
		F55E95B72A128EA800B4F7CA /* Caffe_ManaApp.swift */ = {isa = PBXFileReference; lastKnownFileType = sourcecode.swift; path = Caffe_ManaApp.swift; sourceTree = "<group>"; };
		F55E95B92A128EA800B4F7CA /* ContentView.swift */ = {isa = PBXFileReference; lastKnownFileType = sourcecode.swift; path = ContentView.swift; sourceTree = "<group>"; };
		F55E95BB2A128EA900B4F7CA /* Assets.xcassets */ = {isa = PBXFileReference; lastKnownFileType = folder.assetcatalog; path = Assets.xcassets; sourceTree = "<group>"; };
		F55E95BE2A128EA900B4F7CA /* Preview Assets.xcassets */ = {isa = PBXFileReference; lastKnownFileType = folder.assetcatalog; path = "Preview Assets.xcassets"; sourceTree = "<group>"; };
		F55E95C42A128EA900B4F7CA /* Caffe-ManaTests.xctest */ = {isa = PBXFileReference; explicitFileType = wrapper.cfbundle; includeInIndex = 0; path = "Caffe-ManaTests.xctest"; sourceTree = BUILT_PRODUCTS_DIR; };
		F55E95C82A128EA900B4F7CA /* Caffe_ManaTests.swift */ = {isa = PBXFileReference; lastKnownFileType = sourcecode.swift; path = Caffe_ManaTests.swift; sourceTree = "<group>"; };
		F55E95CE2A128EA900B4F7CA /* Caffe-ManaUITests.xctest */ = {isa = PBXFileReference; explicitFileType = wrapper.cfbundle; includeInIndex = 0; path = "Caffe-ManaUITests.xctest"; sourceTree = BUILT_PRODUCTS_DIR; };
		F55E95D22A128EA900B4F7CA /* Caffe_ManaUITests.swift */ = {isa = PBXFileReference; lastKnownFileType = sourcecode.swift; path = Caffe_ManaUITests.swift; sourceTree = "<group>"; };
		F55E95D42A128EA900B4F7CA /* Caffe_ManaUITestsLaunchTests.swift */ = {isa = PBXFileReference; lastKnownFileType = sourcecode.swift; path = Caffe_ManaUITestsLaunchTests.swift; sourceTree = "<group>"; };
		F5D3AC7C2A14786900A47457 /* Loading.swift */ = {isa = PBXFileReference; lastKnownFileType = sourcecode.swift; path = Loading.swift; sourceTree = "<group>"; tabWidth = 4; };
/* End PBXFileReference section */

/* Begin PBXFrameworksBuildPhase section */
		F55E95B12A128EA800B4F7CA /* Frameworks */ = {
			isa = PBXFrameworksBuildPhase;
			buildActionMask = 2147483647;
			files = (
				F5D3AC862A15E9D800A47457 /* RealmSwift in Frameworks */,
				F5D3AC842A15E9D800A47457 /* Realm in Frameworks */,
				C6045E172A131D6E0033480C /* ComposableArchitecture in Frameworks */,
			);
			runOnlyForDeploymentPostprocessing = 0;
		};
		F55E95C12A128EA900B4F7CA /* Frameworks */ = {
			isa = PBXFrameworksBuildPhase;
			buildActionMask = 2147483647;
			files = (
			);
			runOnlyForDeploymentPostprocessing = 0;
		};
		F55E95CB2A128EA900B4F7CA /* Frameworks */ = {
			isa = PBXFrameworksBuildPhase;
			buildActionMask = 2147483647;
			files = (
			);
			runOnlyForDeploymentPostprocessing = 0;
		};
/* End PBXFrameworksBuildPhase section */

/* Begin PBXGroup section */
		C6045E0A2A130E9D0033480C /* Presentations */ = {
			isa = PBXGroup;
			children = (
				F55E95B92A128EA800B4F7CA /* ContentView.swift */,
				C6045E222A13C0510033480C /* Layout.swift */,
				C67878B82A15D49D00F94692 /* SideScroll.swift */,
				F5D3AC7C2A14786900A47457 /* Loading.swift */,
			);
			path = Presentations;
			sourceTree = "<group>";
		};
		C6045E0E2A1313310033480C /* Domains */ = {
			isa = PBXGroup;
			children = (
				C6045E242A13C4B90033480C /* Root.swift */,
			);
			path = Domains;
			sourceTree = "<group>";
		};
		C6045E182A1374BB0033480C /* Consts */ = {
			isa = PBXGroup;
			children = (
				C6045E1D2A137C650033480C /* drinkDataBase.swift */,
			);
			path = Consts;
			sourceTree = "<group>";
		};
		C6045E192A1374C80033480C /* Types */ = {
			isa = PBXGroup;
			children = (
				C6045E1A2A1375820033480C /* drink.swift */,
			);
			path = Types;
			sourceTree = "<group>";
		};
		C6045E1F2A13A8220033480C /* utils */ = {
			isa = PBXGroup;
			children = (
				C6045E202A13A84E0033480C /* svgImage.swift */,
			);
			path = utils;
			sourceTree = "<group>";
		};
		F55E95AB2A128EA700B4F7CA = {
			isa = PBXGroup;
			children = (
				F55E95B62A128EA800B4F7CA /* Caffe-Mana */,
				F55E95C72A128EA900B4F7CA /* Caffe-ManaTests */,
				F55E95D12A128EA900B4F7CA /* Caffe-ManaUITests */,
				F55E95B52A128EA800B4F7CA /* Products */,
			);
			sourceTree = "<group>";
		};
		F55E95B52A128EA800B4F7CA /* Products */ = {
			isa = PBXGroup;
			children = (
				F55E95B42A128EA800B4F7CA /* Caffe-Mana.app */,
				F55E95C42A128EA900B4F7CA /* Caffe-ManaTests.xctest */,
				F55E95CE2A128EA900B4F7CA /* Caffe-ManaUITests.xctest */,
			);
			name = Products;
			sourceTree = "<group>";
		};
		F55E95B62A128EA800B4F7CA /* Caffe-Mana */ = {
			isa = PBXGroup;
			children = (
				C6045E1F2A13A8220033480C /* utils */,
				C6045E192A1374C80033480C /* Types */,
				C6045E182A1374BB0033480C /* Consts */,
				C6045E0E2A1313310033480C /* Domains */,
				C6045E0A2A130E9D0033480C /* Presentations */,
				F55E95B72A128EA800B4F7CA /* Caffe_ManaApp.swift */,
				F55E95BB2A128EA900B4F7CA /* Assets.xcassets */,
				F55E95BD2A128EA900B4F7CA /* Preview Content */,
			);
			path = "Caffe-Mana";
			sourceTree = "<group>";
		};
		F55E95BD2A128EA900B4F7CA /* Preview Content */ = {
			isa = PBXGroup;
			children = (
				F55E95BE2A128EA900B4F7CA /* Preview Assets.xcassets */,
			);
			path = "Preview Content";
			sourceTree = "<group>";
		};
		F55E95C72A128EA900B4F7CA /* Caffe-ManaTests */ = {
			isa = PBXGroup;
			children = (
				F55E95C82A128EA900B4F7CA /* Caffe_ManaTests.swift */,
			);
			path = "Caffe-ManaTests";
			sourceTree = "<group>";
		};
		F55E95D12A128EA900B4F7CA /* Caffe-ManaUITests */ = {
			isa = PBXGroup;
			children = (
				F55E95D22A128EA900B4F7CA /* Caffe_ManaUITests.swift */,
				F55E95D42A128EA900B4F7CA /* Caffe_ManaUITestsLaunchTests.swift */,
			);
			path = "Caffe-ManaUITests";
			sourceTree = "<group>";
		};
/* End PBXGroup section */

/* Begin PBXNativeTarget section */
		F55E95B32A128EA800B4F7CA /* Caffe-Mana */ = {
			isa = PBXNativeTarget;
			buildConfigurationList = F55E95D82A128EA900B4F7CA /* Build configuration list for PBXNativeTarget "Caffe-Mana" */;
			buildPhases = (
				F55E95B02A128EA800B4F7CA /* Sources */,
				F55E95B12A128EA800B4F7CA /* Frameworks */,
				F55E95B22A128EA800B4F7CA /* Resources */,
			);
			buildRules = (
			);
			dependencies = (
			);
			name = "Caffe-Mana";
			packageProductDependencies = (
				C6045E162A131D6E0033480C /* ComposableArchitecture */,
				F5D3AC832A15E9D800A47457 /* Realm */,
				F5D3AC852A15E9D800A47457 /* RealmSwift */,
			);
			productName = "Caffe-Mana";
			productReference = F55E95B42A128EA800B4F7CA /* Caffe-Mana.app */;
			productType = "com.apple.product-type.application";
		};
		F55E95C32A128EA900B4F7CA /* Caffe-ManaTests */ = {
			isa = PBXNativeTarget;
			buildConfigurationList = F55E95DB2A128EA900B4F7CA /* Build configuration list for PBXNativeTarget "Caffe-ManaTests" */;
			buildPhases = (
				F55E95C02A128EA900B4F7CA /* Sources */,
				F55E95C12A128EA900B4F7CA /* Frameworks */,
				F55E95C22A128EA900B4F7CA /* Resources */,
			);
			buildRules = (
			);
			dependencies = (
				F55E95C62A128EA900B4F7CA /* PBXTargetDependency */,
			);
			name = "Caffe-ManaTests";
			productName = "Caffe-ManaTests";
			productReference = F55E95C42A128EA900B4F7CA /* Caffe-ManaTests.xctest */;
			productType = "com.apple.product-type.bundle.unit-test";
		};
		F55E95CD2A128EA900B4F7CA /* Caffe-ManaUITests */ = {
			isa = PBXNativeTarget;
			buildConfigurationList = F55E95DE2A128EA900B4F7CA /* Build configuration list for PBXNativeTarget "Caffe-ManaUITests" */;
			buildPhases = (
				F55E95CA2A128EA900B4F7CA /* Sources */,
				F55E95CB2A128EA900B4F7CA /* Frameworks */,
				F55E95CC2A128EA900B4F7CA /* Resources */,
			);
			buildRules = (
			);
			dependencies = (
				F55E95D02A128EA900B4F7CA /* PBXTargetDependency */,
			);
			name = "Caffe-ManaUITests";
			productName = "Caffe-ManaUITests";
			productReference = F55E95CE2A128EA900B4F7CA /* Caffe-ManaUITests.xctest */;
			productType = "com.apple.product-type.bundle.ui-testing";
		};
/* End PBXNativeTarget section */

/* Begin PBXProject section */
		F55E95AC2A128EA700B4F7CA /* Project object */ = {
			isa = PBXProject;
			attributes = {
				BuildIndependentTargetsInParallel = 1;
				LastSwiftUpdateCheck = 1430;
				LastUpgradeCheck = 1430;
				TargetAttributes = {
					F55E95B32A128EA800B4F7CA = {
						CreatedOnToolsVersion = 14.3;
					};
					F55E95C32A128EA900B4F7CA = {
						CreatedOnToolsVersion = 14.3;
						TestTargetID = F55E95B32A128EA800B4F7CA;
					};
					F55E95CD2A128EA900B4F7CA = {
						CreatedOnToolsVersion = 14.3;
						TestTargetID = F55E95B32A128EA800B4F7CA;
					};
				};
			};
			buildConfigurationList = F55E95AF2A128EA700B4F7CA /* Build configuration list for PBXProject "Caffe-Mana" */;
			compatibilityVersion = "Xcode 14.0";
			developmentRegion = en;
			hasScannedForEncodings = 0;
			knownRegions = (
				en,
				Base,
			);
			mainGroup = F55E95AB2A128EA700B4F7CA;
			packageReferences = (
				C6045E152A131D6E0033480C /* XCRemoteSwiftPackageReference "swift-composable-architecture" */,
				F5D3AC822A15E9D800A47457 /* XCRemoteSwiftPackageReference "realm-swift" */,
			);
			productRefGroup = F55E95B52A128EA800B4F7CA /* Products */;
			projectDirPath = "";
			projectRoot = "";
			targets = (
				F55E95B32A128EA800B4F7CA /* Caffe-Mana */,
				F55E95C32A128EA900B4F7CA /* Caffe-ManaTests */,
				F55E95CD2A128EA900B4F7CA /* Caffe-ManaUITests */,
			);
		};
/* End PBXProject section */

/* Begin PBXResourcesBuildPhase section */
		F55E95B22A128EA800B4F7CA /* Resources */ = {
			isa = PBXResourcesBuildPhase;
			buildActionMask = 2147483647;
			files = (
				F55E95BF2A128EA900B4F7CA /* Preview Assets.xcassets in Resources */,
				F55E95BC2A128EA900B4F7CA /* Assets.xcassets in Resources */,
			);
			runOnlyForDeploymentPostprocessing = 0;
		};
		F55E95C22A128EA900B4F7CA /* Resources */ = {
			isa = PBXResourcesBuildPhase;
			buildActionMask = 2147483647;
			files = (
			);
			runOnlyForDeploymentPostprocessing = 0;
		};
		F55E95CC2A128EA900B4F7CA /* Resources */ = {
			isa = PBXResourcesBuildPhase;
			buildActionMask = 2147483647;
			files = (
			);
			runOnlyForDeploymentPostprocessing = 0;
		};
/* End PBXResourcesBuildPhase section */

/* Begin PBXSourcesBuildPhase section */
		F55E95B02A128EA800B4F7CA /* Sources */ = {
			isa = PBXSourcesBuildPhase;
			buildActionMask = 2147483647;
			files = (
				C6045E212A13A84E0033480C /* svgImage.swift in Sources */,
				F55E95BA2A128EA800B4F7CA /* ContentView.swift in Sources */,
				C6045E252A13C4B90033480C /* Root.swift in Sources */,
				C6045E1B2A1375820033480C /* drink.swift in Sources */,
				F55E95B82A128EA800B4F7CA /* Caffe_ManaApp.swift in Sources */,
				C6045E232A13C0510033480C /* Layout.swift in Sources */,
				F5D3AC7D2A14786900A47457 /* Loading.swift in Sources */,
				C67878B92A15D49D00F94692 /* SideScroll.swift in Sources */,
				C6045E1E2A137C650033480C /* drinkDataBase.swift in Sources */,
			);
			runOnlyForDeploymentPostprocessing = 0;
		};
		F55E95C02A128EA900B4F7CA /* Sources */ = {
			isa = PBXSourcesBuildPhase;
			buildActionMask = 2147483647;
			files = (
				F55E95C92A128EA900B4F7CA /* Caffe_ManaTests.swift in Sources */,
			);
			runOnlyForDeploymentPostprocessing = 0;
		};
		F55E95CA2A128EA900B4F7CA /* Sources */ = {
			isa = PBXSourcesBuildPhase;
			buildActionMask = 2147483647;
			files = (
				F55E95D32A128EA900B4F7CA /* Caffe_ManaUITests.swift in Sources */,
				F55E95D52A128EA900B4F7CA /* Caffe_ManaUITestsLaunchTests.swift in Sources */,
			);
			runOnlyForDeploymentPostprocessing = 0;
		};
/* End PBXSourcesBuildPhase section */

/* Begin PBXTargetDependency section */
		F55E95C62A128EA900B4F7CA /* PBXTargetDependency */ = {
			isa = PBXTargetDependency;
			target = F55E95B32A128EA800B4F7CA /* Caffe-Mana */;
			targetProxy = F55E95C52A128EA900B4F7CA /* PBXContainerItemProxy */;
		};
		F55E95D02A128EA900B4F7CA /* PBXTargetDependency */ = {
			isa = PBXTargetDependency;
			target = F55E95B32A128EA800B4F7CA /* Caffe-Mana */;
			targetProxy = F55E95CF2A128EA900B4F7CA /* PBXContainerItemProxy */;
		};
/* End PBXTargetDependency section */

/* Begin XCBuildConfiguration section */
		F55E95D62A128EA900B4F7CA /* Debug */ = {
			isa = XCBuildConfiguration;
			buildSettings = {
				ALWAYS_SEARCH_USER_PATHS = NO;
				CLANG_ANALYZER_NONNULL = YES;
				CLANG_ANALYZER_NUMBER_OBJECT_CONVERSION = YES_AGGRESSIVE;
				CLANG_CXX_LANGUAGE_STANDARD = "gnu++20";
				CLANG_ENABLE_MODULES = YES;
				CLANG_ENABLE_OBJC_ARC = YES;
				CLANG_ENABLE_OBJC_WEAK = YES;
				CLANG_WARN_BLOCK_CAPTURE_AUTORELEASING = YES;
				CLANG_WARN_BOOL_CONVERSION = YES;
				CLANG_WARN_COMMA = YES;
				CLANG_WARN_CONSTANT_CONVERSION = YES;
				CLANG_WARN_DEPRECATED_OBJC_IMPLEMENTATIONS = YES;
				CLANG_WARN_DIRECT_OBJC_ISA_USAGE = YES_ERROR;
				CLANG_WARN_DOCUMENTATION_COMMENTS = YES;
				CLANG_WARN_EMPTY_BODY = YES;
				CLANG_WARN_ENUM_CONVERSION = YES;
				CLANG_WARN_INFINITE_RECURSION = YES;
				CLANG_WARN_INT_CONVERSION = YES;
				CLANG_WARN_NON_LITERAL_NULL_CONVERSION = YES;
				CLANG_WARN_OBJC_IMPLICIT_RETAIN_SELF = YES;
				CLANG_WARN_OBJC_LITERAL_CONVERSION = YES;
				CLANG_WARN_OBJC_ROOT_CLASS = YES_ERROR;
				CLANG_WARN_QUOTED_INCLUDE_IN_FRAMEWORK_HEADER = YES;
				CLANG_WARN_RANGE_LOOP_ANALYSIS = YES;
				CLANG_WARN_STRICT_PROTOTYPES = YES;
				CLANG_WARN_SUSPICIOUS_MOVE = YES;
				CLANG_WARN_UNGUARDED_AVAILABILITY = YES_AGGRESSIVE;
				CLANG_WARN_UNREACHABLE_CODE = YES;
				CLANG_WARN__DUPLICATE_METHOD_MATCH = YES;
				COPY_PHASE_STRIP = NO;
				DEBUG_INFORMATION_FORMAT = dwarf;
				ENABLE_STRICT_OBJC_MSGSEND = YES;
				ENABLE_TESTABILITY = YES;
				GCC_C_LANGUAGE_STANDARD = gnu11;
				GCC_DYNAMIC_NO_PIC = NO;
				GCC_NO_COMMON_BLOCKS = YES;
				GCC_OPTIMIZATION_LEVEL = 0;
				GCC_PREPROCESSOR_DEFINITIONS = (
					"DEBUG=1",
					"$(inherited)",
				);
				GCC_WARN_64_TO_32_BIT_CONVERSION = YES;
				GCC_WARN_ABOUT_RETURN_TYPE = YES_ERROR;
				GCC_WARN_UNDECLARED_SELECTOR = YES;
				GCC_WARN_UNINITIALIZED_AUTOS = YES_AGGRESSIVE;
				GCC_WARN_UNUSED_FUNCTION = YES;
				GCC_WARN_UNUSED_VARIABLE = YES;
				IPHONEOS_DEPLOYMENT_TARGET = 16.4;
				MTL_ENABLE_DEBUG_INFO = INCLUDE_SOURCE;
				MTL_FAST_MATH = YES;
				ONLY_ACTIVE_ARCH = YES;
				SDKROOT = iphoneos;
				SWIFT_ACTIVE_COMPILATION_CONDITIONS = DEBUG;
				SWIFT_OPTIMIZATION_LEVEL = "-Onone";
			};
			name = Debug;
		};
		F55E95D72A128EA900B4F7CA /* Release */ = {
			isa = XCBuildConfiguration;
			buildSettings = {
				ALWAYS_SEARCH_USER_PATHS = NO;
				CLANG_ANALYZER_NONNULL = YES;
				CLANG_ANALYZER_NUMBER_OBJECT_CONVERSION = YES_AGGRESSIVE;
				CLANG_CXX_LANGUAGE_STANDARD = "gnu++20";
				CLANG_ENABLE_MODULES = YES;
				CLANG_ENABLE_OBJC_ARC = YES;
				CLANG_ENABLE_OBJC_WEAK = YES;
				CLANG_WARN_BLOCK_CAPTURE_AUTORELEASING = YES;
				CLANG_WARN_BOOL_CONVERSION = YES;
				CLANG_WARN_COMMA = YES;
				CLANG_WARN_CONSTANT_CONVERSION = YES;
				CLANG_WARN_DEPRECATED_OBJC_IMPLEMENTATIONS = YES;
				CLANG_WARN_DIRECT_OBJC_ISA_USAGE = YES_ERROR;
				CLANG_WARN_DOCUMENTATION_COMMENTS = YES;
				CLANG_WARN_EMPTY_BODY = YES;
				CLANG_WARN_ENUM_CONVERSION = YES;
				CLANG_WARN_INFINITE_RECURSION = YES;
				CLANG_WARN_INT_CONVERSION = YES;
				CLANG_WARN_NON_LITERAL_NULL_CONVERSION = YES;
				CLANG_WARN_OBJC_IMPLICIT_RETAIN_SELF = YES;
				CLANG_WARN_OBJC_LITERAL_CONVERSION = YES;
				CLANG_WARN_OBJC_ROOT_CLASS = YES_ERROR;
				CLANG_WARN_QUOTED_INCLUDE_IN_FRAMEWORK_HEADER = YES;
				CLANG_WARN_RANGE_LOOP_ANALYSIS = YES;
				CLANG_WARN_STRICT_PROTOTYPES = YES;
				CLANG_WARN_SUSPICIOUS_MOVE = YES;
				CLANG_WARN_UNGUARDED_AVAILABILITY = YES_AGGRESSIVE;
				CLANG_WARN_UNREACHABLE_CODE = YES;
				CLANG_WARN__DUPLICATE_METHOD_MATCH = YES;
				COPY_PHASE_STRIP = NO;
				DEBUG_INFORMATION_FORMAT = "dwarf-with-dsym";
				ENABLE_NS_ASSERTIONS = NO;
				ENABLE_STRICT_OBJC_MSGSEND = YES;
				GCC_C_LANGUAGE_STANDARD = gnu11;
				GCC_NO_COMMON_BLOCKS = YES;
				GCC_WARN_64_TO_32_BIT_CONVERSION = YES;
				GCC_WARN_ABOUT_RETURN_TYPE = YES_ERROR;
				GCC_WARN_UNDECLARED_SELECTOR = YES;
				GCC_WARN_UNINITIALIZED_AUTOS = YES_AGGRESSIVE;
				GCC_WARN_UNUSED_FUNCTION = YES;
				GCC_WARN_UNUSED_VARIABLE = YES;
				IPHONEOS_DEPLOYMENT_TARGET = 16.4;
				MTL_ENABLE_DEBUG_INFO = NO;
				MTL_FAST_MATH = YES;
				SDKROOT = iphoneos;
				SWIFT_COMPILATION_MODE = wholemodule;
				SWIFT_OPTIMIZATION_LEVEL = "-O";
				VALIDATE_PRODUCT = YES;
			};
			name = Release;
		};
		F55E95D92A128EA900B4F7CA /* Debug */ = {
			isa = XCBuildConfiguration;
			buildSettings = {
				ASSETCATALOG_COMPILER_APPICON_NAME = AppIcon;
				ASSETCATALOG_COMPILER_GLOBAL_ACCENT_COLOR_NAME = AccentColor;
				CODE_SIGN_STYLE = Automatic;
				CURRENT_PROJECT_VERSION = 1;
				DEVELOPMENT_ASSET_PATHS = "\"Caffe-Mana/Preview Content\"";
				DEVELOPMENT_TEAM = GG7W7F3CTU;
				ENABLE_PREVIEWS = YES;
				GENERATE_INFOPLIST_FILE = YES;
				INFOPLIST_KEY_UIApplicationSceneManifest_Generation = YES;
				INFOPLIST_KEY_UIApplicationSupportsIndirectInputEvents = YES;
				INFOPLIST_KEY_UILaunchScreen_Generation = YES;
				INFOPLIST_KEY_UISupportedInterfaceOrientations_iPad = "UIInterfaceOrientationPortrait UIInterfaceOrientationPortraitUpsideDown UIInterfaceOrientationLandscapeLeft UIInterfaceOrientationLandscapeRight";
				INFOPLIST_KEY_UISupportedInterfaceOrientations_iPhone = "UIInterfaceOrientationPortrait UIInterfaceOrientationLandscapeLeft UIInterfaceOrientationLandscapeRight";
				LD_RUNPATH_SEARCH_PATHS = (
					"$(inherited)",
					"@executable_path/Frameworks",
				);
				MARKETING_VERSION = 1.0;
				PRODUCT_BUNDLE_IDENTIFIER = "Monsters.Caffe-Mana2";
				PRODUCT_NAME = "$(TARGET_NAME)";
				SWIFT_EMIT_LOC_STRINGS = YES;
				SWIFT_VERSION = 5.0;
				TARGETED_DEVICE_FAMILY = "1,2";
			};
			name = Debug;
		};
		F55E95DA2A128EA900B4F7CA /* Release */ = {
			isa = XCBuildConfiguration;
			buildSettings = {
				ASSETCATALOG_COMPILER_APPICON_NAME = AppIcon;
				ASSETCATALOG_COMPILER_GLOBAL_ACCENT_COLOR_NAME = AccentColor;
				CODE_SIGN_STYLE = Automatic;
				CURRENT_PROJECT_VERSION = 1;
				DEVELOPMENT_ASSET_PATHS = "\"Caffe-Mana/Preview Content\"";
				DEVELOPMENT_TEAM = GG7W7F3CTU;
				ENABLE_PREVIEWS = YES;
				GENERATE_INFOPLIST_FILE = YES;
				INFOPLIST_KEY_UIApplicationSceneManifest_Generation = YES;
				INFOPLIST_KEY_UIApplicationSupportsIndirectInputEvents = YES;
				INFOPLIST_KEY_UILaunchScreen_Generation = YES;
				INFOPLIST_KEY_UISupportedInterfaceOrientations_iPad = "UIInterfaceOrientationPortrait UIInterfaceOrientationPortraitUpsideDown UIInterfaceOrientationLandscapeLeft UIInterfaceOrientationLandscapeRight";
				INFOPLIST_KEY_UISupportedInterfaceOrientations_iPhone = "UIInterfaceOrientationPortrait UIInterfaceOrientationLandscapeLeft UIInterfaceOrientationLandscapeRight";
				LD_RUNPATH_SEARCH_PATHS = (
					"$(inherited)",
					"@executable_path/Frameworks",
				);
				MARKETING_VERSION = 1.0;
				PRODUCT_BUNDLE_IDENTIFIER = "Monsters.Caffe-Mana2";
				PRODUCT_NAME = "$(TARGET_NAME)";
				SWIFT_EMIT_LOC_STRINGS = YES;
				SWIFT_VERSION = 5.0;
				TARGETED_DEVICE_FAMILY = "1,2";
			};
			name = Release;
		};
		F55E95DC2A128EA900B4F7CA /* Debug */ = {
			isa = XCBuildConfiguration;
			buildSettings = {
				ALWAYS_EMBED_SWIFT_STANDARD_LIBRARIES = YES;
				BUNDLE_LOADER = "$(TEST_HOST)";
				CODE_SIGN_STYLE = Automatic;
				CURRENT_PROJECT_VERSION = 1;
				DEVELOPMENT_TEAM = 26MRW24T23;
				GENERATE_INFOPLIST_FILE = YES;
				IPHONEOS_DEPLOYMENT_TARGET = 16.4;
				MARKETING_VERSION = 1.0;
				PRODUCT_BUNDLE_IDENTIFIER = "Monsters.Caffe-ManaTests";
				PRODUCT_NAME = "$(TARGET_NAME)";
				SWIFT_EMIT_LOC_STRINGS = NO;
				SWIFT_VERSION = 5.0;
				TARGETED_DEVICE_FAMILY = "1,2";
				TEST_HOST = "$(BUILT_PRODUCTS_DIR)/Caffe-Mana.app/$(BUNDLE_EXECUTABLE_FOLDER_PATH)/Caffe-Mana";
			};
			name = Debug;
		};
		F55E95DD2A128EA900B4F7CA /* Release */ = {
			isa = XCBuildConfiguration;
			buildSettings = {
				ALWAYS_EMBED_SWIFT_STANDARD_LIBRARIES = YES;
				BUNDLE_LOADER = "$(TEST_HOST)";
				CODE_SIGN_STYLE = Automatic;
				CURRENT_PROJECT_VERSION = 1;
				DEVELOPMENT_TEAM = 26MRW24T23;
				GENERATE_INFOPLIST_FILE = YES;
				IPHONEOS_DEPLOYMENT_TARGET = 16.4;
				MARKETING_VERSION = 1.0;
				PRODUCT_BUNDLE_IDENTIFIER = "Monsters.Caffe-ManaTests";
				PRODUCT_NAME = "$(TARGET_NAME)";
				SWIFT_EMIT_LOC_STRINGS = NO;
				SWIFT_VERSION = 5.0;
				TARGETED_DEVICE_FAMILY = "1,2";
				TEST_HOST = "$(BUILT_PRODUCTS_DIR)/Caffe-Mana.app/$(BUNDLE_EXECUTABLE_FOLDER_PATH)/Caffe-Mana";
			};
			name = Release;
		};
		F55E95DF2A128EA900B4F7CA /* Debug */ = {
			isa = XCBuildConfiguration;
			buildSettings = {
				ALWAYS_EMBED_SWIFT_STANDARD_LIBRARIES = YES;
				CODE_SIGN_STYLE = Automatic;
				CURRENT_PROJECT_VERSION = 1;
				DEVELOPMENT_TEAM = 26MRW24T23;
				GENERATE_INFOPLIST_FILE = YES;
				MARKETING_VERSION = 1.0;
				PRODUCT_BUNDLE_IDENTIFIER = "Monsters.Caffe-ManaUITests";
				PRODUCT_NAME = "$(TARGET_NAME)";
				SWIFT_EMIT_LOC_STRINGS = NO;
				SWIFT_VERSION = 5.0;
				TARGETED_DEVICE_FAMILY = "1,2";
				TEST_TARGET_NAME = "Caffe-Mana";
			};
			name = Debug;
		};
		F55E95E02A128EA900B4F7CA /* Release */ = {
			isa = XCBuildConfiguration;
			buildSettings = {
				ALWAYS_EMBED_SWIFT_STANDARD_LIBRARIES = YES;
				CODE_SIGN_STYLE = Automatic;
				CURRENT_PROJECT_VERSION = 1;
				DEVELOPMENT_TEAM = 26MRW24T23;
				GENERATE_INFOPLIST_FILE = YES;
				MARKETING_VERSION = 1.0;
				PRODUCT_BUNDLE_IDENTIFIER = "Monsters.Caffe-ManaUITests";
				PRODUCT_NAME = "$(TARGET_NAME)";
				SWIFT_EMIT_LOC_STRINGS = NO;
				SWIFT_VERSION = 5.0;
				TARGETED_DEVICE_FAMILY = "1,2";
				TEST_TARGET_NAME = "Caffe-Mana";
			};
			name = Release;
		};
/* End XCBuildConfiguration section */

/* Begin XCConfigurationList section */
		F55E95AF2A128EA700B4F7CA /* Build configuration list for PBXProject "Caffe-Mana" */ = {
			isa = XCConfigurationList;
			buildConfigurations = (
				F55E95D62A128EA900B4F7CA /* Debug */,
				F55E95D72A128EA900B4F7CA /* Release */,
			);
			defaultConfigurationIsVisible = 0;
			defaultConfigurationName = Release;
		};
		F55E95D82A128EA900B4F7CA /* Build configuration list for PBXNativeTarget "Caffe-Mana" */ = {
			isa = XCConfigurationList;
			buildConfigurations = (
				F55E95D92A128EA900B4F7CA /* Debug */,
				F55E95DA2A128EA900B4F7CA /* Release */,
			);
			defaultConfigurationIsVisible = 0;
			defaultConfigurationName = Release;
		};
		F55E95DB2A128EA900B4F7CA /* Build configuration list for PBXNativeTarget "Caffe-ManaTests" */ = {
			isa = XCConfigurationList;
			buildConfigurations = (
				F55E95DC2A128EA900B4F7CA /* Debug */,
				F55E95DD2A128EA900B4F7CA /* Release */,
			);
			defaultConfigurationIsVisible = 0;
			defaultConfigurationName = Release;
		};
		F55E95DE2A128EA900B4F7CA /* Build configuration list for PBXNativeTarget "Caffe-ManaUITests" */ = {
			isa = XCConfigurationList;
			buildConfigurations = (
				F55E95DF2A128EA900B4F7CA /* Debug */,
				F55E95E02A128EA900B4F7CA /* Release */,
			);
			defaultConfigurationIsVisible = 0;
			defaultConfigurationName = Release;
		};
/* End XCConfigurationList section */

/* Begin XCRemoteSwiftPackageReference section */
		C6045E152A131D6E0033480C /* XCRemoteSwiftPackageReference "swift-composable-architecture" */ = {
			isa = XCRemoteSwiftPackageReference;
			repositoryURL = "https://github.com/pointfreeco/swift-composable-architecture#what-is-the-composable-architecture";
			requirement = {
				kind = upToNextMajorVersion;
				minimumVersion = 0.53.0;
			};
		};
		F5D3AC822A15E9D800A47457 /* XCRemoteSwiftPackageReference "realm-swift" */ = {
			isa = XCRemoteSwiftPackageReference;
			repositoryURL = "https://github.com/realm/realm-swift.git";
			requirement = {
				branch = master;
				kind = branch;
			};
		};
/* End XCRemoteSwiftPackageReference section */

/* Begin XCSwiftPackageProductDependency section */
		C6045E162A131D6E0033480C /* ComposableArchitecture */ = {
			isa = XCSwiftPackageProductDependency;
			package = C6045E152A131D6E0033480C /* XCRemoteSwiftPackageReference "swift-composable-architecture" */;
			productName = ComposableArchitecture;
		};
		F5D3AC832A15E9D800A47457 /* Realm */ = {
			isa = XCSwiftPackageProductDependency;
			package = F5D3AC822A15E9D800A47457 /* XCRemoteSwiftPackageReference "realm-swift" */;
			productName = Realm;
		};
		F5D3AC852A15E9D800A47457 /* RealmSwift */ = {
			isa = XCSwiftPackageProductDependency;
			package = F5D3AC822A15E9D800A47457 /* XCRemoteSwiftPackageReference "realm-swift" */;
			productName = RealmSwift;
		};
/* End XCSwiftPackageProductDependency section */
	};
	rootObject = F55E95AC2A128EA700B4F7CA /* Project object */;
}
